# THIS IS AN AUTOGENERATED FILE. DO NOT EDIT THIS FILE DIRECTLY.
# yarn lockfile v1


v8-natives@^1.2.5:
  version "1.2.5"
  resolved "https://registry.npmjs.org/v8-natives/-/v8-natives-1.2.5.tgz#99bb67f97ccdf76bbd28cd1198f4b6b89e9cf016"
  integrity sha512-CVNliz6KF2yet3HBIkbFJKZmjlt95C8dsNZDnwoS6X98+QJRpsSz9uxo3TziBqdyJQkWwfD3VG9lRzsQNvF24Q==

v8@^0.1.0:
  version "0.1.0"
  resolved "https://registry.npmjs.org/v8/-/v8-0.1.0.tgz#86b9007e730da75186ad9a0ad1e38dd3af36c2bd"
  integrity sha512-cSrJCQ7WRDkSP8zbIwOO38kLSp1mGmBbx/I0pHdzQROZIMlO+qkiC4deQxg1I7pKguYJNMhMD5g/Nc1muiVyYw==
