# THIS IS AN AUTOGENERATED FILE. DO NOT EDIT THIS FILE DIRECTLY.
# yarn lockfile v1


isomorphic.js@^0.2.4:
  version "0.2.5"
  resolved "https://registry.npmjs.org/isomorphic.js/-/isomorphic.js-0.2.5.tgz#13eecf36f2dba53e85d355e11bf9d4208c6f7f88"
  integrity sha512-PIeMbHqMt4DnUP3MA/Flc0HElYjMXArsw1qwJZcm9sqR8mq3l8NYizFMty0pWwE/tzIGH3EKK5+jes5mAr85yw==

lib0@^0.2.99:
  version "0.2.114"
  resolved "https://registry.npmjs.org/lib0/-/lib0-0.2.114.tgz#0b0e55c3ffa8768fe3d9efca971059f465db4baf"
  integrity sha512-gcxmNFzA4hv8UYi8j43uPlQ7CGcyMJ2KQb5kZASw6SnAKAf10hK12i2fjrS3Cl/ugZa5Ui6WwIu1/6MIXiHttQ==
  dependencies:
    isomorphic.js "^0.2.4"

yjs@^13.6.27:
  version "13.6.27"
  resolved "https://registry.npmjs.org/yjs/-/yjs-13.6.27.tgz#8899be929d57da05a0aa112d044a5c204393ab7b"
  integrity sha512-OIDwaflOaq4wC6YlPBy2L6ceKeKuF7DeTxx+jPzv1FHn9tCZ0ZwSRnUBxD05E3yed46fv/FWJbvR+Ud7x0L7zw==
  dependencies:
    lib0 "^0.2.99"
