# THIS IS AN AUTOGENERATED FILE. DO NOT EDIT THIS FILE DIRECTLY.
# yarn lockfile v1


"@formily/reactive@^2.3.7":
  version "2.3.7"
  resolved "https://registry.npmjs.org/@formily/reactive/-/reactive-2.3.7.tgz#8f6d23b1871dd7d487512a35e2eb2d773f8f457b"
  integrity sha512-+ovdvYfig7K97Ktel8qY1xAUM4O1uxSm79yuk7xmaAhOJWDAkvDPvzGtcB95cQ3vhPN9d/2sOvRzxMlVlr/gpg==
